
Microsoft Visual Studio Solution File, Format Version 12.00
# Visual Studio Version 16
VisualStudioVersion = 16.0.31205.134
MinimumVisualStudioVersion = 10.0.40219.1
Project("{9A19103F-16F7-4668-BE54-9A1E7A4F7556}") = "DataStructure", "DataStructure.csproj", "{86BE9888-93DF-4088-8B0B-472AC47E29EA}"
EndProject
Project("{9A19103F-16F7-4668-BE54-9A1E7A4F7556}") = "DSA.Test", "..\DSA.Test\DSA.Test.csproj", "{8FCDE7DF-2DCF-4C98-9051-5D907CFCA83A}"
EndProject
Project("{2150E333-8FDC-42A3-9474-1A3956D46DE8}") = "Solution Items", "Solution Items", "{0E816443-4E54-4CD4-AF2E-81D6DD087FE2}"
	ProjectSection(SolutionItems) = preProject
		..\README.md = ..\README.md
	EndProjectSection
EndProject
Global
	GlobalSection(SolutionConfigurationPlatforms) = preSolution
		Debug|Any CPU = Debug|Any CPU
		Release|Any CPU = Release|Any CPU
	EndGlobalSection
	GlobalSection(ProjectConfigurationPlatforms) = postSolution
		{86BE9888-93DF-4088-8B0B-472AC47E29EA}.Debug|Any CPU.ActiveCfg = Debug|Any CPU
		{86BE9888-93DF-4088-8B0B-472AC47E29EA}.Debug|Any CPU.Build.0 = Debug|Any CPU
		{86BE9888-93DF-4088-8B0B-472AC47E29EA}.Release|Any CPU.ActiveCfg = Release|Any CPU
		{86BE9888-93DF-4088-8B0B-472AC47E29EA}.Release|Any CPU.Build.0 = Release|Any CPU
		{8FCDE7DF-2DCF-4C98-9051-5D907CFCA83A}.Debug|Any CPU.ActiveCfg = Debug|Any CPU
		{8FCDE7DF-2DCF-4C98-9051-5D907CFCA83A}.Debug|Any CPU.Build.0 = Debug|Any CPU
		{8FCDE7DF-2DCF-4C98-9051-5D907CFCA83A}.Release|Any CPU.ActiveCfg = Release|Any CPU
		{8FCDE7DF-2DCF-4C98-9051-5D907CFCA83A}.Release|Any CPU.Build.0 = Release|Any CPU
	EndGlobalSection
	GlobalSection(SolutionProperties) = preSolution
		HideSolutionNode = FALSE
	EndGlobalSection
	GlobalSection(ExtensibilityGlobals) = postSolution
		SolutionGuid = {B6759D3A-40DC-43EB-97F4-F9C632CDE6D0}
	EndGlobalSection
EndGlobal
